
Microsoft Visual Studio Solution File, Format Version 12.00
# Visual Studio Version 16
VisualStudioVersion = 16.0.30907.101
MinimumVisualStudioVersion = 10.0.40219.1
Project("{9A19103F-16F7-4668-BE54-9A1E7A4F7556}") = "CoffeeShop", "CoffeeShop\CoffeeShop.csproj", "{DE9BDA7B-24F4-4940-AA8C-AAD4BC2569F0}"
EndProject
Global
	GlobalSection(SolutionConfigurationPlatforms) = preSolution
		Debug|Any CPU = Debug|Any CPU
		Release|Any CPU = Release|Any CPU
	EndGlobalSection
	GlobalSection(ProjectConfigurationPlatforms) = postSolution
		{DE9BDA7B-24F4-4940-AA8C-AAD4BC2569F0}.Debug|Any CPU.ActiveCfg = Debug|Any CPU
		{DE9BDA7B-24F4-4940-AA8C-AAD4BC2569F0}.Debug|Any CPU.Build.0 = Debug|Any CPU
		{DE9BDA7B-24F4-4940-AA8C-AAD4BC2569F0}.Release|Any CPU.ActiveCfg = Release|Any CPU
		{DE9BDA7B-24F4-4940-AA8C-AAD4BC2569F0}.Release|Any CPU.Build.0 = Release|Any CPU
	EndGlobalSection
	GlobalSection(SolutionProperties) = preSolution
		HideSolutionNode = FALSE
	EndGlobalSection
	GlobalSection(ExtensibilityGlobals) = postSolution
		SolutionGuid = {7678E166-8AC9-461B-81FB-3C38D25A8F31}
	EndGlobalSection
EndGlobal
